
Microsoft Visual Studio Solution File, Format Version 12.00
# Visual Studio Version 17
VisualStudioVersion = 17.5.002.0
MinimumVisualStudioVersion = 10.0.40219.1
Project("{2150E333-8FDC-42A3-9474-1A3956D46DE8}") = "sesion_1", "sesion_1", "{C0CA9056-4066-4354-AAF8-D2082D30B376}"
EndProject
Project("{9A19103F-16F7-4668-BE54-9A1E7A4F7556}") = "ejemplo_1", "sesion_1\ejemplo_1\ejemplo_1.csproj", "{1055F7B3-1CBF-47B8-ACD0-47B452899C17}"
EndProject
Global
	GlobalSection(SolutionConfigurationPlatforms) = preSolution
		Debug|Any CPU = Debug|Any CPU
		Release|Any CPU = Release|Any CPU
	EndGlobalSection
	GlobalSection(ProjectConfigurationPlatforms) = postSolution
		{1055F7B3-1CBF-47B8-ACD0-47B452899C17}.Debug|Any CPU.ActiveCfg = Debug|Any CPU
		{1055F7B3-1CBF-47B8-ACD0-47B452899C17}.Debug|Any CPU.Build.0 = Debug|Any CPU
		{1055F7B3-1CBF-47B8-ACD0-47B452899C17}.Release|Any CPU.ActiveCfg = Release|Any CPU
		{1055F7B3-1CBF-47B8-ACD0-47B452899C17}.Release|Any CPU.Build.0 = Release|Any CPU
	EndGlobalSection
	GlobalSection(SolutionProperties) = preSolution
		HideSolutionNode = FALSE
	EndGlobalSection
	GlobalSection(NestedProjects) = preSolution
		{1055F7B3-1CBF-47B8-ACD0-47B452899C17} = {C0CA9056-4066-4354-AAF8-D2082D30B376}
	EndGlobalSection
	GlobalSection(ExtensibilityGlobals) = postSolution
		SolutionGuid = {45D66E01-AAB1-4B43-9623-0947E92D57E2}
	EndGlobalSection
EndGlobal
