
Microsoft Visual Studio Solution File, Format Version 12.00
# Visual Studio Version 17
VisualStudioVersion = 17.5.002.0
MinimumVisualStudioVersion = 10.0.40219.1
Project("{9A19103F-16F7-4668-BE54-9A1E7A4F7556}") = "ejemplo_1", "ejemplo_1.csproj", "{E8EDC0F9-DEB0-410E-AA90-520482D504D3}"
EndProject
Global
	GlobalSection(SolutionConfigurationPlatforms) = preSolution
		Debug|Any CPU = Debug|Any CPU
		Release|Any CPU = Release|Any CPU
	EndGlobalSection
	GlobalSection(ProjectConfigurationPlatforms) = postSolution
		{E8EDC0F9-DEB0-410E-AA90-520482D504D3}.Debug|Any CPU.ActiveCfg = Debug|Any CPU
		{E8EDC0F9-DEB0-410E-AA90-520482D504D3}.Debug|Any CPU.Build.0 = Debug|Any CPU
		{E8EDC0F9-DEB0-410E-AA90-520482D504D3}.Release|Any CPU.ActiveCfg = Release|Any CPU
		{E8EDC0F9-DEB0-410E-AA90-520482D504D3}.Release|Any CPU.Build.0 = Release|Any CPU
	EndGlobalSection
	GlobalSection(SolutionProperties) = preSolution
		HideSolutionNode = FALSE
	EndGlobalSection
	GlobalSection(ExtensibilityGlobals) = postSolution
		SolutionGuid = {CF2C8988-5EAC-4F5D-8FAD-B2391BA76164}
	EndGlobalSection
EndGlobal
